{
  "originHash" : "2c904f1f864a23ecfdc6dee166d206be54607d2ec6b53f2b82582520f7202de4",
  "pins" : [
    {
      "identity" : "priorityqueue",
      "kind" : "remoteSourceControl",
      "location" : "https://github.com/bradhowes/PriorityQueue",
      "state" : {
        "revision" : "2214b6462f6b98646098542d650052c2fb6d0a43",
        "version" : "1.2.1"
      }
    },
    {
      "identity" : "swift-docc-plugin",
      "kind" : "remoteSourceControl",
      "location" : "https://github.com/apple/swift-docc-plugin",
      "state" : {
        "revision" : "e977f65879f82b375a044c8837597f690c067da6",
        "version" : "1.4.6"
      }
    },
    {
      "identity" : "swift-docc-symbolkit",
      "kind" : "remoteSourceControl",
      "location" : "https://github.com/swiftlang/swift-docc-symbolkit",
      "state" : {
        "revision" : "b45d1f2ed151d057b54504d653e0da5552844e34",
        "version" : "1.0.0"
      }
    }
  ],
  "version" : 3
}
